{
  "version": 4,
  "terraform_version": "1.15.8",
  "serial": 31,
  "lineage": "123c56bb-bfa4-cc0b-b9b8-eabe2e469653",
  "outputs": {},
  "resources": [
    {
      "mode": "managed",
      "type": "databricks_catalog",
      "name": "prod",
      "provider": "provider[\"registry.terraform.io/databricks/databricks\"]",
      "instances": [
        {
          "schema_version": 0,
          "attributes": {
            "browse_only": false,
            "catalog_type": "MANAGED_CATALOG",
            "comment": "Catalog PROD managed by Terraform",
            "connection_name": null,
            "created_at": 1787952104027,
            "created_by": "mercedesvargas945@gmail.com",
            "custom_max_retention_hours": 0,
            "effective_predictive_optimization_flag": [
              {
                "inherited_from_name": "mts",
                "inherited_from_type": "METASTORE",
                "value": "ENABLE"
              }
            ],
            "enable_predictive_optimization": "INHERIT",
            "force_destroy": false,
            "full_name": "adbprod_0013",
            "id": "adbprod_0013",
            "isolation_mode": "ISOLATED",
            "managed_encryption_settings": [],
            "metastore_id": "855dba8d-9edc-4a81-9083-c7b0f17f609f",
            "name": "adbprod_0013",
            "options": null,
            "owner": "mercedesvargas945@gmail.com",
            "properties": null,
            "provider_config": [
              {
                "workspace_id": "7405618768922549"
              }
            ],
            "provider_name": null,
            "provisioning_info": [],
            "securable_type": "CATALOG",
            "share_name": null,
            "storage_location": "abfss://metastore@adlsproject13prod2.dfs.core.windows.net/__unitystorage/catalogs/309cd1bf-c5f5-47f4-b8ef-03b794f8272c",
            "storage_root": "abfss://metastore@adlsproject13prod2.dfs.core.windows.net/",
            "updated_at": 1787952791529,
            "updated_by": "mercedesvargas945@gmail.com"
          },
          "sensitive_attributes": [],
          "identity_schema_version": 0,
          "private": "bnVsbA==",
          "dependencies": [
            "databricks_external_location.metastore_prod",
            "databricks_storage_credential.prod"
          ]
        }
      ]
    },
    {
      "mode": "managed",
      "type": "databricks_external_location",
      "name": "metastore_prod",
      "provider": "provider[\"registry.terraform.io/databricks/databricks\"]",
      "instances": [
        {
          "schema_version": 0,
          "attributes": {
            "browse_only": false,
            "comment": "External location for PROD managed storage",
            "created_at": 1787952103622,
            "created_by": "mercedesvargas945@gmail.com",
            "credential_id": "6fc7d1b8-f794-4a0c-93b1-07d705ee7359",
            "credential_name": "cred_prod",
            "effective_enable_file_events": true,
            "effective_file_event_queue": [
              {
                "managed_aqs": [
                  {
                    "managed_resource_id": "3d283049-aea3-414a-8329-fc023b37f0ea",
                    "queue_url": "",
                    "resource_group": "az-services-0013",
                    "subscription_id": "ca4106cb-8890-42ab-8df1-318b2a6f2cec"
                  }
                ],
                "managed_pubsub": [],
                "managed_sqs": [],
                "provided_aqs": [],
                "provided_pubsub": [],
                "provided_sqs": []
              }
            ],
            "enable_file_events": false,
            "encryption_details": [],
            "fallback": false,
            "file_event_queue": [],
            "force_destroy": null,
            "force_update": null,
            "id": "ext_metastore_prod",
            "isolation_mode": "ISOLATION_MODE_OPEN",
            "metastore_id": "855dba8d-9edc-4a81-9083-c7b0f17f609f",
            "name": "ext_metastore_prod",
            "owner": "mercedesvargas945@gmail.com",
            "provider_config": [
              {
                "workspace_id": "7405618768922549"
              }
            ],
            "read_only": false,
            "skip_validation": null,
            "updated_at": 1787952108858,
            "updated_by": "968f457c-066d-4dee-9ade-8fc0b464b659",
            "url": "abfss://metastore@adlsproject13prod2.dfs.core.windows.net/"
          },
          "sensitive_attributes": [],
          "identity_schema_version": 0,
          "private": "bnVsbA==",
          "dependencies": [
            "databricks_storage_credential.prod"
          ]
        }
      ]
    },
    {
      "mode": "managed",
      "type": "databricks_external_location",
      "name": "raw_prod",
      "provider": "provider[\"registry.terraform.io/databricks/databricks\"]",
      "instances": [
        {
          "schema_version": 0,
          "attributes": {
            "browse_only": false,
            "comment": "External location for PROD raw data",
            "created_at": 1787953011730,
            "created_by": "mercedesvargas945@gmail.com",
            "credential_id": "6fc7d1b8-f794-4a0c-93b1-07d705ee7359",
            "credential_name": "cred_prod",
            "effective_enable_file_events": true,
            "effective_file_event_queue": [
              {
                "managed_aqs": [
                  {
                    "managed_resource_id": "bddfc8d5-f922-46c5-900b-3225c1eaea14",
                    "queue_url": "",
                    "resource_group": "az-services-0013",
                    "subscription_id": "ca4106cb-8890-42ab-8df1-318b2a6f2cec"
                  }
                ],
                "managed_pubsub": [],
                "managed_sqs": [],
                "provided_aqs": [],
                "provided_pubsub": [],
                "provided_sqs": []
              }
            ],
            "enable_file_events": false,
            "encryption_details": [],
            "fallback": false,
            "file_event_queue": [],
            "force_destroy": null,
            "force_update": null,
            "id": "ext_raw_prod",
            "isolation_mode": "ISOLATION_MODE_OPEN",
            "metastore_id": "855dba8d-9edc-4a81-9083-c7b0f17f609f",
            "name": "ext_raw_prod",
            "owner": "mercedesvargas945@gmail.com",
            "provider_config": [
              {
                "workspace_id": "7405618768922549"
              }
            ],
            "read_only": false,
            "skip_validation": null,
            "updated_at": 1787953022627,
            "updated_by": "968f457c-066d-4dee-9ade-8fc0b464b659",
            "url": "abfss://raw@adlsproject13prod2.dfs.core.windows.net/"
          },
          "sensitive_attributes": [],
          "identity_schema_version": 0,
          "private": "bnVsbA==",
          "dependencies": [
            "databricks_storage_credential.prod"
          ]
        }
      ]
    },
    {
      "mode": "managed",
      "type": "databricks_grant",
      "name": "bronze_sp",
      "provider": "provider[\"registry.terraform.io/databricks/databricks\"]",
      "instances": [
        {
          "schema_version": 0,
          "attributes": {
            "catalog": null,
            "credential": null,
            "external_location": null,
            "foreign_connection": null,
            "function": null,
            "id": "schema/adbprod_0013.ly_bronze/fbea09ef-0300-4c5b-9073-57e71fecff9b",
            "mcp_service": null,
            "metastore": null,
            "model": null,
            "model_provider_service": null,
            "model_service": null,
            "pipeline": null,
            "principal": "fbea09ef-0300-4c5b-9073-57e71fecff9b",
            "privileges": [
              "CREATE_TABLE",
              "CREATE_VOLUME",
              "MODIFY",
              "SELECT",
              "USE_SCHEMA"
            ],
            "provider_config": [
              {
                "workspace_id": "7405618768922549"
              }
            ],
            "recipient": null,
            "schema": "adbprod_0013.ly_bronze",
            "share": null,
            "storage_credential": null,
            "table": null,
            "volume": null
          },
          "sensitive_attributes": [],
          "identity_schema_version": 0,
          "private": "bnVsbA==",
          "dependencies": [
            "databricks_catalog.prod",
            "databricks_external_location.metastore_prod",
            "databricks_schema.bronze",
            "databricks_storage_credential.prod"
          ]
        }
      ]
    },
    {
      "mode": "managed",
      "type": "databricks_grant",
      "name": "bronze_tag_sp",
      "provider": "provider[\"registry.terraform.io/databricks/databricks\"]",
      "instances": [
        {
          "schema_version": 0,
          "attributes": {
            "catalog": null,
            "credential": null,
            "external_location": null,
            "foreign_connection": null,
            "function": null,
            "id": "schema/adbprod_0013.ly_bronze/fbea09ef-0300-4c5b-9073-57e71fecff9b",
            "mcp_service": null,
            "metastore": null,
            "model": null,
            "model_provider_service": null,
            "model_service": null,
            "pipeline": null,
            "principal": "fbea09ef-0300-4c5b-9073-57e71fecff9b",
            "privileges": [
              "APPLY_TAG"
            ],
            "provider_config": [
              {
                "workspace_id": "7405618768922549"
              }
            ],
            "recipient": null,
            "schema": "adbprod_0013.ly_bronze",
            "share": null,
            "storage_credential": null,
            "table": null,
            "volume": null
          },
          "sensitive_attributes": [],
          "identity_schema_version": 0,
          "private": "bnVsbA==",
          "dependencies": [
            "databricks_catalog.prod",
            "databricks_external_location.metastore_prod",
            "databricks_schema.bronze",
            "databricks_storage_credential.prod"
          ]
        }
      ]
    },
    {
      "mode": "managed",
      "type": "databricks_grant",
      "name": "control_sp",
      "provider": "provider[\"registry.terraform.io/databricks/databricks\"]",
      "instances": [
        {
          "schema_version": 0,
          "attributes": {
            "catalog": null,
            "credential": null,
            "external_location": null,
            "foreign_connection": null,
            "function": null,
            "id": "schema/adbprod_0013.control/fbea09ef-0300-4c5b-9073-57e71fecff9b",
            "mcp_service": null,
            "metastore": null,
            "model": null,
            "model_provider_service": null,
            "model_service": null,
            "pipeline": null,
            "principal": "fbea09ef-0300-4c5b-9073-57e71fecff9b",
            "privileges": [
              "CREATE_TABLE",
              "MODIFY",
              "SELECT",
              "USE_SCHEMA"
            ],
            "provider_config": [
              {
                "workspace_id": "7405618768922549"
              }
            ],
            "recipient": null,
            "schema": "adbprod_0013.control",
            "share": null,
            "storage_credential": null,
            "table": null,
            "volume": null
          },
          "sensitive_attributes": [],
          "identity_schema_version": 0,
          "private": "bnVsbA==",
          "dependencies": [
            "databricks_catalog.prod",
            "databricks_external_location.metastore_prod",
            "databricks_schema.control",
            "databricks_storage_credential.prod"
          ]
        }
      ]
    },
    {
      "mode": "managed",
      "type": "databricks_grant",
      "name": "gold_sp",
      "provider": "provider[\"registry.terraform.io/databricks/databricks\"]",
      "instances": [
        {
          "schema_version": 0,
          "attributes": {
            "catalog": null,
            "credential": null,
            "external_location": null,
            "foreign_connection": null,
            "function": null,
            "id": "schema/adbprod_0013.ly_gold/fbea09ef-0300-4c5b-9073-57e71fecff9b",
            "mcp_service": null,
            "metastore": null,
            "model": null,
            "model_provider_service": null,
            "model_service": null,
            "pipeline": null,
            "principal": "fbea09ef-0300-4c5b-9073-57e71fecff9b",
            "privileges": [
              "CREATE_TABLE",
              "CREATE_VOLUME",
              "MODIFY",
              "SELECT",
              "USE_SCHEMA"
            ],
            "provider_config": [
              {
                "workspace_id": "7405618768922549"
              }
            ],
            "recipient": null,
            "schema": "adbprod_0013.ly_gold",
            "share": null,
            "storage_credential": null,
            "table": null,
            "volume": null
          },
          "sensitive_attributes": [],
          "identity_schema_version": 0,
          "private": "bnVsbA==",
          "dependencies": [
            "databricks_catalog.prod",
            "databricks_external_location.metastore_prod",
            "databricks_schema.gold",
            "databricks_storage_credential.prod"
          ]
        }
      ]
    },
    {
      "mode": "managed",
      "type": "databricks_grant",
      "name": "prod_catalog_sp",
      "provider": "provider[\"registry.terraform.io/databricks/databricks\"]",
      "instances": [
        {
          "schema_version": 0,
          "attributes": {
            "catalog": "adbprod_0013",
            "credential": null,
            "external_location": null,
            "foreign_connection": null,
            "function": null,
            "id": "catalog/adbprod_0013/fbea09ef-0300-4c5b-9073-57e71fecff9b",
            "mcp_service": null,
            "metastore": null,
            "model": null,
            "model_provider_service": null,
            "model_service": null,
            "pipeline": null,
            "principal": "fbea09ef-0300-4c5b-9073-57e71fecff9b",
            "privileges": [
              "USE_CATALOG"
            ],
            "provider_config": [
              {
                "workspace_id": "7405618768922549"
              }
            ],
            "recipient": null,
            "schema": null,
            "share": null,
            "storage_credential": null,
            "table": null,
            "volume": null
          },
          "sensitive_attributes": [],
          "identity_schema_version": 0,
          "private": "bnVsbA==",
          "dependencies": [
            "databricks_catalog.prod",
            "databricks_external_location.metastore_prod",
            "databricks_storage_credential.prod"
          ]
        }
      ]
    },
    {
      "mode": "managed",
      "type": "databricks_grant",
      "name": "raw_external_location_sp",
      "provider": "provider[\"registry.terraform.io/databricks/databricks\"]",
      "instances": [
        {
          "schema_version": 0,
          "attributes": {
            "catalog": null,
            "credential": null,
            "external_location": "ext_raw_prod",
            "foreign_connection": null,
            "function": null,
            "id": "external_location/ext_raw_prod/fbea09ef-0300-4c5b-9073-57e71fecff9b",
            "mcp_service": null,
            "metastore": null,
            "model": null,
            "model_provider_service": null,
            "model_service": null,
            "pipeline": null,
            "principal": "fbea09ef-0300-4c5b-9073-57e71fecff9b",
            "privileges": [
              "READ_FILES"
            ],
            "provider_config": [
              {
                "workspace_id": "7405618768922549"
              }
            ],
            "recipient": null,
            "schema": null,
            "share": null,
            "storage_credential": null,
            "table": null,
            "volume": null
          },
          "sensitive_attributes": [],
          "identity_schema_version": 0,
          "private": "bnVsbA==",
          "dependencies": [
            "databricks_external_location.raw_prod",
            "databricks_storage_credential.prod"
          ]
        }
      ]
    },
    {
      "mode": "managed",
      "type": "databricks_grant",
      "name": "security_sp",
      "provider": "provider[\"registry.terraform.io/databricks/databricks\"]",
      "instances": [
        {
          "schema_version": 0,
          "attributes": {
            "catalog": null,
            "credential": null,
            "external_location": null,
            "foreign_connection": null,
            "function": null,
            "id": "schema/adbprod_0013.security/fbea09ef-0300-4c5b-9073-57e71fecff9b",
            "mcp_service": null,
            "metastore": null,
            "model": null,
            "model_provider_service": null,
            "model_service": null,
            "pipeline": null,
            "principal": "fbea09ef-0300-4c5b-9073-57e71fecff9b",
            "privileges": [
              "CREATE_FUNCTION",
              "EXECUTE",
              "USE_SCHEMA"
            ],
            "provider_config": [
              {
                "workspace_id": "7405618768922549"
              }
            ],
            "recipient": null,
            "schema": "adbprod_0013.security",
            "share": null,
            "storage_credential": null,
            "table": null,
            "volume": null
          },
          "sensitive_attributes": [],
          "identity_schema_version": 0,
          "private": "bnVsbA==",
          "dependencies": [
            "databricks_catalog.prod",
            "databricks_external_location.metastore_prod",
            "databricks_schema.security",
            "databricks_storage_credential.prod"
          ]
        }
      ]
    },
    {
      "mode": "managed",
      "type": "databricks_grant",
      "name": "silver_sp",
      "provider": "provider[\"registry.terraform.io/databricks/databricks\"]",
      "instances": [
        {
          "schema_version": 0,
          "attributes": {
            "catalog": null,
            "credential": null,
            "external_location": null,
            "foreign_connection": null,
            "function": null,
            "id": "schema/adbprod_0013.ly_silver/fbea09ef-0300-4c5b-9073-57e71fecff9b",
            "mcp_service": null,
            "metastore": null,
            "model": null,
            "model_provider_service": null,
            "model_service": null,
            "pipeline": null,
            "principal": "fbea09ef-0300-4c5b-9073-57e71fecff9b",
            "privileges": [
              "CREATE_TABLE",
              "CREATE_VOLUME",
              "MODIFY",
              "SELECT",
              "USE_SCHEMA"
            ],
            "provider_config": [
              {
                "workspace_id": "7405618768922549"
              }
            ],
            "recipient": null,
            "schema": "adbprod_0013.ly_silver",
            "share": null,
            "storage_credential": null,
            "table": null,
            "volume": null
          },
          "sensitive_attributes": [],
          "identity_schema_version": 0,
          "private": "bnVsbA==",
          "dependencies": [
            "databricks_catalog.prod",
            "databricks_external_location.metastore_prod",
            "databricks_schema.silver",
            "databricks_storage_credential.prod"
          ]
        }
      ]
    },
    {
      "mode": "managed",
      "type": "databricks_grant",
      "name": "silver_tag_sp",
      "provider": "provider[\"registry.terraform.io/databricks/databricks\"]",
      "instances": [
        {
          "schema_version": 0,
          "attributes": {
            "catalog": null,
            "credential": null,
            "external_location": null,
            "foreign_connection": null,
            "function": null,
            "id": "schema/adbprod_0013.ly_silver/fbea09ef-0300-4c5b-9073-57e71fecff9b",
            "mcp_service": null,
            "metastore": null,
            "model": null,
            "model_provider_service": null,
            "model_service": null,
            "pipeline": null,
            "principal": "fbea09ef-0300-4c5b-9073-57e71fecff9b",
            "privileges": [
              "APPLY_TAG"
            ],
            "provider_config": [
              {
                "workspace_id": "7405618768922549"
              }
            ],
            "recipient": null,
            "schema": "adbprod_0013.ly_silver",
            "share": null,
            "storage_credential": null,
            "table": null,
            "volume": null
          },
          "sensitive_attributes": [],
          "identity_schema_version": 0,
          "private": "bnVsbA==",
          "dependencies": [
            "databricks_catalog.prod",
            "databricks_external_location.metastore_prod",
            "databricks_schema.silver",
            "databricks_storage_credential.prod"
          ]
        }
      ]
    },
    {
      "mode": "managed",
      "type": "databricks_schema",
      "name": "bronze",
      "provider": "provider[\"registry.terraform.io/databricks/databricks\"]",
      "instances": [
        {
          "schema_version": 0,
          "attributes": {
            "catalog_name": "adbprod_0013",
            "comment": "Bronze schema for PROD",
            "enable_predictive_optimization": "INHERIT",
            "force_destroy": false,
            "id": "adbprod_0013.ly_bronze",
            "metastore_id": "855dba8d-9edc-4a81-9083-c7b0f17f609f",
            "name": "ly_bronze",
            "owner": "mercedesvargas945@gmail.com",
            "properties": null,
            "provider_config": [
              {
                "workspace_id": "7405618768922549"
              }
            ],
            "schema_id": "e731a6fb-c97e-4705-8ca2-857234488488",
            "storage_root": null
          },
          "sensitive_attributes": [],
          "identity_schema_version": 0,
          "private": "bnVsbA==",
          "dependencies": [
            "databricks_catalog.prod",
            "databricks_external_location.metastore_prod",
            "databricks_storage_credential.prod"
          ]
        }
      ]
    },
    {
      "mode": "managed",
      "type": "databricks_schema",
      "name": "control",
      "provider": "provider[\"registry.terraform.io/databricks/databricks\"]",
      "instances": [
        {
          "schema_version": 0,
          "attributes": {
            "catalog_name": "adbprod_0013",
            "comment": "Control schema for PROD",
            "enable_predictive_optimization": "INHERIT",
            "force_destroy": false,
            "id": "adbprod_0013.control",
            "metastore_id": "855dba8d-9edc-4a81-9083-c7b0f17f609f",
            "name": "control",
            "owner": "mercedesvargas945@gmail.com",
            "properties": null,
            "provider_config": [
              {
                "workspace_id": "7405618768922549"
              }
            ],
            "schema_id": "3fc852f9-38a5-4457-a275-fbf30615efd7",
            "storage_root": null
          },
          "sensitive_attributes": [],
          "identity_schema_version": 0,
          "private": "bnVsbA==",
          "dependencies": [
            "databricks_catalog.prod",
            "databricks_external_location.metastore_prod",
            "databricks_storage_credential.prod"
          ]
        }
      ]
    },
    {
      "mode": "managed",
      "type": "databricks_schema",
      "name": "gold",
      "provider": "provider[\"registry.terraform.io/databricks/databricks\"]",
      "instances": [
        {
          "schema_version": 0,
          "attributes": {
            "catalog_name": "adbprod_0013",
            "comment": "Gold schema for PROD",
            "enable_predictive_optimization": "INHERIT",
            "force_destroy": false,
            "id": "adbprod_0013.ly_gold",
            "metastore_id": "855dba8d-9edc-4a81-9083-c7b0f17f609f",
            "name": "ly_gold",
            "owner": "mercedesvargas945@gmail.com",
            "properties": null,
            "provider_config": [
              {
                "workspace_id": "7405618768922549"
              }
            ],
            "schema_id": "57f5203c-57a9-462a-a866-4b55a0511c2b",
            "storage_root": null
          },
          "sensitive_attributes": [],
          "identity_schema_version": 0,
          "private": "bnVsbA==",
          "dependencies": [
            "databricks_catalog.prod",
            "databricks_external_location.metastore_prod",
            "databricks_storage_credential.prod"
          ]
        }
      ]
    },
    {
      "mode": "managed",
      "type": "databricks_schema",
      "name": "security",
      "provider": "provider[\"registry.terraform.io/databricks/databricks\"]",
      "instances": [
        {
          "schema_version": 0,
          "attributes": {
            "catalog_name": "adbprod_0013",
            "comment": "Security schema for PROD",
            "enable_predictive_optimization": "INHERIT",
            "force_destroy": false,
            "id": "adbprod_0013.security",
            "metastore_id": "855dba8d-9edc-4a81-9083-c7b0f17f609f",
            "name": "security",
            "owner": "mercedesvargas945@gmail.com",
            "properties": null,
            "provider_config": [
              {
                "workspace_id": "7405618768922549"
              }
            ],
            "schema_id": "20abddf4-5e71-4dba-b6bc-781f2f995a04",
            "storage_root": null
          },
          "sensitive_attributes": [],
          "identity_schema_version": 0,
          "private": "bnVsbA==",
          "dependencies": [
            "databricks_catalog.prod",
            "databricks_external_location.metastore_prod",
            "databricks_storage_credential.prod"
          ]
        }
      ]
    },
    {
      "mode": "managed",
      "type": "databricks_schema",
      "name": "silver",
      "provider": "provider[\"registry.terraform.io/databricks/databricks\"]",
      "instances": [
        {
          "schema_version": 0,
          "attributes": {
            "catalog_name": "adbprod_0013",
            "comment": "Silver schema for PROD",
            "enable_predictive_optimization": "INHERIT",
            "force_destroy": false,
            "id": "adbprod_0013.ly_silver",
            "metastore_id": "855dba8d-9edc-4a81-9083-c7b0f17f609f",
            "name": "ly_silver",
            "owner": "mercedesvargas945@gmail.com",
            "properties": null,
            "provider_config": [
              {
                "workspace_id": "7405618768922549"
              }
            ],
            "schema_id": "a6068b1f-e996-48b3-a179-7a31a8c093bc",
            "storage_root": null
          },
          "sensitive_attributes": [],
          "identity_schema_version": 0,
          "private": "bnVsbA==",
          "dependencies": [
            "databricks_catalog.prod",
            "databricks_external_location.metastore_prod",
            "databricks_storage_credential.prod"
          ]
        }
      ]
    },
    {
      "mode": "managed",
      "type": "databricks_storage_credential",
      "name": "prod",
      "provider": "provider[\"registry.terraform.io/databricks/databricks\"]",
      "instances": [
        {
          "schema_version": 0,
          "attributes": {
            "api": null,
            "aws_iam_role": [],
            "azure_managed_identity": [
              {
                "access_connector_id": "/subscriptions/ca4106cb-8890-42ab-8df1-318b2a6f2cec/resourceGroups/az-services-0013/providers/Microsoft.Databricks/accessConnectors/azcdb13-test",
                "credential_id": "dd6e2033-42b7-42e4-96fb-c3ad3d9388df",
                "managed_identity_id": ""
              }
            ],
            "azure_service_principal": [],
            "cloudflare_api_token": [],
            "comment": "Storage credential PROD managed by Terraform",
            "databricks_gcp_service_account": [],
            "force_destroy": null,
            "force_update": null,
            "gcp_service_account_key": [],
            "id": "cred_prod",
            "isolation_mode": "ISOLATION_MODE_OPEN",
            "metastore_id": "855dba8d-9edc-4a81-9083-c7b0f17f609f",
            "name": "cred_prod",
            "owner": "mercedesvargas945@gmail.com",
            "provider_config": [
              {
                "workspace_id": "7405618768922549"
              }
            ],
            "read_only": false,
            "skip_validation": null,
            "storage_credential_id": "6fc7d1b8-f794-4a0c-93b1-07d705ee7359"
          },
          "sensitive_attributes": [],
          "identity_schema_version": 0,
          "private": "bnVsbA=="
        }
      ]
    },
    {
      "mode": "managed",
      "type": "databricks_workspace_binding",
      "name": "catalog_prod",
      "provider": "provider[\"registry.terraform.io/databricks/databricks\"]",
      "instances": [
        {
          "schema_version": 1,
          "attributes": {
            "binding_type": "BINDING_TYPE_READ_WRITE",
            "catalog_name": null,
            "id": "7405618768922549|catalog|adbprod_0013",
            "provider_config": [
              {
                "workspace_id": "7405618768922549"
              }
            ],
            "securable_name": "adbprod_0013",
            "securable_type": "catalog",
            "workspace_id": 7405618768922549
          },
          "sensitive_attributes": [],
          "identity_schema_version": 0,
          "private": "eyJzY2hlbWFfdmVyc2lvbiI6IjEifQ==",
          "dependencies": [
            "databricks_catalog.prod",
            "databricks_external_location.metastore_prod",
            "databricks_storage_credential.prod"
          ]
        }
      ]
    }
  ],
  "check_results": null
}
